
Microsoft Visual Studio Solution File, Format Version 12.00
# Visual Studio Version 16
VisualStudioVersion = 16.0.30804.86
MinimumVisualStudioVersion = 10.0.40219.1
Project("{FAE04EC0-301F-11D3-BF4B-00C04F79EFBC}") = "DoublyLinkedListSample", "DoublyLinkedListSample\DoublyLinkedListSample.csproj", "{1F01B085-9813-4D37-B23B-72220220D295}"
EndProject
Global
	GlobalSection(SolutionConfigurationPlatforms) = preSolution
		Debug|Any CPU = Debug|Any CPU
		Release|Any CPU = Release|Any CPU
	EndGlobalSection
	GlobalSection(ProjectConfigurationPlatforms) = postSolution
		{1F01B085-9813-4D37-B23B-72220220D295}.Debug|Any CPU.ActiveCfg = Debug|Any CPU
		{1F01B085-9813-4D37-B23B-72220220D295}.Debug|Any CPU.Build.0 = Debug|Any CPU
		{1F01B085-9813-4D37-B23B-72220220D295}.Release|Any CPU.ActiveCfg = Release|Any CPU
		{1F01B085-9813-4D37-B23B-72220220D295}.Release|Any CPU.Build.0 = Release|Any CPU
	EndGlobalSection
	GlobalSection(SolutionProperties) = preSolution
		HideSolutionNode = FALSE
	EndGlobalSection
	GlobalSection(ExtensibilityGlobals) = postSolution
		SolutionGuid = {88FCDD96-565A-4132-9F48-5E2217100983}
	EndGlobalSection
EndGlobal
