
Microsoft Visual Studio Solution File, Format Version 12.00
# Visual Studio Version 16
VisualStudioVersion = 16.0.30804.86
MinimumVisualStudioVersion = 10.0.40219.1
Project("{FAE04EC0-301F-11D3-BF4B-00C04F79EFBC}") = "StackUsingArraySample", "StackUsingArraySample\StackUsingArraySample.csproj", "{7B75E9A6-F7A9-4942-BF95-A520597B057A}"
EndProject
Global
	GlobalSection(SolutionConfigurationPlatforms) = preSolution
		Debug|Any CPU = Debug|Any CPU
		Release|Any CPU = Release|Any CPU
	EndGlobalSection
	GlobalSection(ProjectConfigurationPlatforms) = postSolution
		{7B75E9A6-F7A9-4942-BF95-A520597B057A}.Debug|Any CPU.ActiveCfg = Debug|Any CPU
		{7B75E9A6-F7A9-4942-BF95-A520597B057A}.Debug|Any CPU.Build.0 = Debug|Any CPU
		{7B75E9A6-F7A9-4942-BF95-A520597B057A}.Release|Any CPU.ActiveCfg = Release|Any CPU
		{7B75E9A6-F7A9-4942-BF95-A520597B057A}.Release|Any CPU.Build.0 = Release|Any CPU
	EndGlobalSection
	GlobalSection(SolutionProperties) = preSolution
		HideSolutionNode = FALSE
	EndGlobalSection
	GlobalSection(ExtensibilityGlobals) = postSolution
		SolutionGuid = {CBDBD137-8F7C-4FB2-B4D7-8CA2E4CE6892}
	EndGlobalSection
EndGlobal
